
Microsoft Visual Studio Solution File, Format Version 12.00
# Visual Studio Version 17
VisualStudioVersion = 17.4.33103.184
MinimumVisualStudioVersion = 10.0.40219.1
Project("{8BC9CEB8-8B4A-11D0-8D11-00A0C91BC942}") = "Game", "Game\Game.vcxproj", "{71145ECE-122A-4071-9DDC-4EFDE6334375}"
EndProject
Project("{8BC9CEB8-8B4A-11D0-8D11-00A0C91BC942}") = "Kommando", "Plain\Plain.vcxproj", "{1A17A4D8-1E10-4187-9A8B-66EFD993D29D}"
EndProject
Global
	GlobalSection(SolutionConfigurationPlatforms) = preSolution
		Debug|x64 = Debug|x64
		Release|x64 = Release|x64
	EndGlobalSection
	GlobalSection(ProjectConfigurationPlatforms) = postSolution
		{71145ECE-122A-4071-9DDC-4EFDE6334375}.Debug|x64.ActiveCfg = Debug|x64
		{71145ECE-122A-4071-9DDC-4EFDE6334375}.Debug|x64.Build.0 = Debug|x64
		{71145ECE-122A-4071-9DDC-4EFDE6334375}.Release|x64.ActiveCfg = Release|x64
		{71145ECE-122A-4071-9DDC-4EFDE6334375}.Release|x64.Build.0 = Release|x64
		{1A17A4D8-1E10-4187-9A8B-66EFD993D29D}.Debug|x64.ActiveCfg = Debug|x64
		{1A17A4D8-1E10-4187-9A8B-66EFD993D29D}.Debug|x64.Build.0 = Debug|x64
		{1A17A4D8-1E10-4187-9A8B-66EFD993D29D}.Release|x64.ActiveCfg = Release|x64
		{1A17A4D8-1E10-4187-9A8B-66EFD993D29D}.Release|x64.Build.0 = Release|x64
	EndGlobalSection
	GlobalSection(SolutionProperties) = preSolution
		HideSolutionNode = FALSE
	EndGlobalSection
	GlobalSection(ExtensibilityGlobals) = postSolution
		SolutionGuid = {3960B6AA-2254-4921-B702-B1BF3F2BA4F4}
	EndGlobalSection
EndGlobal
